# THIS IS AN AUTOGENERATED FILE. DO NOT EDIT THIS FILE DIRECTLY.
# yarn lockfile v1


"@microsoft/recognizers-text-choice@~1.3.0":
  version "1.3.0"
  resolved "https://registry.yarnpkg.com/@microsoft/recognizers-text-choice/-/recognizers-text-choice-1.3.0.tgz#200fab99a145d43a238a7256375d0bb675b61d30"
  integrity sha512-I2LQAJJ9TJthJYWZNzooJD6+5KUkr+H+m54XpjY+vKjR81DPVFUL/SWZVyv+cC7eePFwrDv3gUnkXYS+Lp0hmA==
  dependencies:
    "@microsoft/recognizers-text" "~1.3.0"
    grapheme-splitter "^1.0.2"

"@microsoft/recognizers-text-data-types-timex-expression@~1.3.0":
  version "1.3.0"
  resolved "https://registry.yarnpkg.com/@microsoft/recognizers-text-data-types-timex-expression/-/recognizers-text-data-types-timex-expression-1.3.0.tgz#fc5d586c826e478e8477b7fcb21e9e2830e81c67"
  integrity sha512-REHUXmMUI1jL3b9v+aSdzKxLxRdejsfg9McYRxY3LW0Gu4UbwD7Q+K6mtSo40cwg8uh6fiV9GY8hDuKXHH6dVA==

"@microsoft/recognizers-text-date-time@~1.3.0":
  version "1.3.0"
  resolved "https://registry.yarnpkg.com/@microsoft/recognizers-text-date-time/-/recognizers-text-date-time-1.3.0.tgz#202f711c5398dc113abd183bc2a7fbfbf8e8aac0"
  integrity sha512-bgw4TS726maTg53M6SQRHQOzOH0za0zmBWnnGo0wQdbDfK+bgq5aeDSD4k/HhXvfkOD6zzRd3+tG3Dqyp/kFaQ==
  dependencies:
    "@microsoft/recognizers-text" "~1.3.0"
    "@microsoft/recognizers-text-number" "~1.3.0"
    "@microsoft/recognizers-text-number-with-unit" "~1.3.0"
    lodash.isequal "^4.5.0"
    lodash.tonumber "^4.0.3"

"@microsoft/recognizers-text-number-with-unit@~1.3.0":
  version "1.3.0"
  resolved "https://registry.yarnpkg.com/@microsoft/recognizers-text-number-with-unit/-/recognizers-text-number-with-unit-1.3.0.tgz#36ec3f04b16d98b2825b0e44307260bb05b4bb8e"
  integrity sha512-FxBD1ZQLvr4c+ssVyqUjblg+i21GbzIsDEHd5VWon5wg+2qrqixlmP1mXsXG+iGRV3qqeZCtTFdqkwJ3MWhovA==
  dependencies:
    "@microsoft/recognizers-text" "~1.3.0"
    "@microsoft/recognizers-text-number" "~1.3.0"
    lodash.escaperegexp "^4.1.2"
    lodash.last "^3.0.0"
    lodash.max "^4.0.1"

"@microsoft/recognizers-text-number@~1.3.0":
  version "1.3.0"
  resolved "https://registry.yarnpkg.com/@microsoft/recognizers-text-number/-/recognizers-text-number-1.3.0.tgz#70cc018a7660b57f4483112f048e97ffbba38f9f"
  integrity sha512-KVFxvaXW9E7UkuF0EYCghvCn0u+N5L7bBXeP4IKB6fXkQd6GAZ9zNA2Acdm9lJzCRxcsBYFbRLcRMrPHwAa32w==
  dependencies:
    "@microsoft/recognizers-text" "~1.3.0"
    bignumber.js "^7.2.1"
    lodash.escaperegexp "^4.1.2"
    lodash.sortby "^4.7.0"
    lodash.trimend "^4.5.1"

"@microsoft/recognizers-text-sequence@~1.3.0":
  version "1.3.0"
  resolved "https://registry.yarnpkg.com/@microsoft/recognizers-text-sequence/-/recognizers-text-sequence-1.3.0.tgz#2fedf013ec2d8ed5af6b8923d5aa9b3ec61e1a3e"
  integrity sha512-LXZ9AakClrdPVfEphCJFETjw6n8w/LwW1Yoj9ZKcGI9PGvH6RR+haS4GSZuHeMhEacmaa3NkzD+I44qYIvym8Q==
  dependencies:
    "@microsoft/recognizers-text" "~1.3.0"
    grapheme-splitter "^1.0.2"

"@microsoft/recognizers-text-suite@1.3.0":
  version "1.3.0"
  resolved "https://registry.yarnpkg.com/@microsoft/recognizers-text-suite/-/recognizers-text-suite-1.3.0.tgz#2a6ddd0f1090c5518cbc248b88660d74af44989e"
  integrity sha512-uqG4vzy5N2CmBaeINny0bLdnGp0jDbT1moNoLC+Yim3G8kHOU9lpDfwA6VN6HTYaDM5854SNMEzLjJdS1TPFTw==
  dependencies:
    "@microsoft/recognizers-text" "~1.3.0"
    "@microsoft/recognizers-text-choice" "~1.3.0"
    "@microsoft/recognizers-text-data-types-timex-expression" "~1.3.0"
    "@microsoft/recognizers-text-date-time" "~1.3.0"
    "@microsoft/recognizers-text-number" "~1.3.0"
    "@microsoft/recognizers-text-number-with-unit" "~1.3.0"
    "@microsoft/recognizers-text-sequence" "~1.3.0"

"@microsoft/recognizers-text@~1.3.0":
  version "1.3.0"
  resolved "https://registry.yarnpkg.com/@microsoft/recognizers-text/-/recognizers-text-1.3.0.tgz#8ab05719267a7b15d56718600e6fd53a3d4cc616"
  integrity sha512-0gUhtS/0qSF6veB3Olu55IuJ0Skwg4u1IbJX9KFj1QeK8z6cw69/p637IPD2NgXLlXCy2HEqLvUW/mgbDp3rWg==

"@nlpjs/builtin-duckling@^4.17.1":
  version "4.17.1"
  resolved "https://registry.yarnpkg.com/@nlpjs/builtin-duckling/-/builtin-duckling-4.17.1.tgz#03de55549ab74c27810b29127c857420e5e001a3"
  integrity sha512-y781c5YhIPLrRTIdvaKeoyzzjoBImMRB391mT53gfAmAVYE3BXS6/mJSxZUXzQSmM//qKuwdrKjQMx1fSuPqug==
  dependencies:
    "@nlpjs/core" "^4.17.0"

"@nlpjs/builtin-microsoft@^4.17.0":
  version "4.17.0"
  resolved "https://registry.yarnpkg.com/@nlpjs/builtin-microsoft/-/builtin-microsoft-4.17.0.tgz#c1bc887e68b62206d953665f0e99ae3d63c4dbdb"
  integrity sha512-Di8kV+/g/xF0KBBRGJIMs7fU4fUVI5RzSYIi0Ic3vyyrJFx6MH1lNWDm7nydBmWEJXkoI67P2HgeO2QJ0o5GyA==
  dependencies:
    "@microsoft/recognizers-text-suite" "1.3.0"
    "@nlpjs/core" "^4.17.0"

"@nlpjs/core-loader@^4.17.0":
  version "4.17.0"
  resolved "https://registry.yarnpkg.com/@nlpjs/core-loader/-/core-loader-4.17.0.tgz#e395d0c185c911c77bb48cb974f971247c306467"
  integrity sha512-7/s+J6i8vAwFxmkml063pkiej4MPZYSoaE2TNrUAN7owwJeZOQkmnPKGUmcdZ+e8C0Dw9hu88dN7h3Igz2gU5A==
  dependencies:
    "@nlpjs/core" "^4.17.0"
    "@nlpjs/request" "^4.17.0"

"@nlpjs/core@^4.17.0":
  version "4.17.0"
  resolved "https://registry.yarnpkg.com/@nlpjs/core/-/core-4.17.0.tgz#afbd2ff0d8d80b24a430b0f17318caa136b4ce49"
  integrity sha512-FHj7Yr/sqd3mL7PQUVSZ1aSFsxRlwz38nzihECTJQan+mq1kWJ6RwNQRhWb4FDAPa5QxTtFTmWl+A7UyBqTXsg==

"@nlpjs/emoji@^4.17.0":
  version "4.17.0"
  resolved "https://registry.yarnpkg.com/@nlpjs/emoji/-/emoji-4.17.0.tgz#ee5bb1b950319d1a851c68512e52cabf98f915da"
  integrity sha512-KwG1PJeok81lG7ELFwKwLVGcwqWccEySOH7IF9Nzh7yhMP0nO433thqKFzZpmlYSv7NliK0K1q2C/q/qXhcBmA==
  dependencies:
    "@nlpjs/core" "^4.17.0"

"@nlpjs/evaluator@^4.17.1":
  version "4.17.1"
  resolved "https://registry.yarnpkg.com/@nlpjs/evaluator/-/evaluator-4.17.1.tgz#fdc9b98f6f999843cff6def89cda6c2b37fc8cae"
  integrity sha512-dHaqDyfM6B6QmbNehG5lMukMWOZwcd/WwiC7jAh3eG/X73jNsPz9p66H3XyYpc3s9kfpxWIgc+S789Sar4uT/Q==
  dependencies:
    escodegen "^2.0.0"
    esprima "^4.0.1"

"@nlpjs/lang-all@^4.17.1":
  version "4.17.1"
  resolved "https://registry.yarnpkg.com/@nlpjs/lang-all/-/lang-all-4.17.1.tgz#06ca053760c504b9e60e9da14d3a90082dc22421"
  integrity sha512-6+LWARC2g8+wmqu9mpyC5vYtB71B9/Y7e5shOGhWk4lJdHvqocXGGivFufeCtCOWDqZGz7Rx5ncFxTynemLFfQ==
  dependencies:
    "@nlpjs/core" "^4.17.0"
    "@nlpjs/lang-ar" "^4.17.0"
    "@nlpjs/lang-bn" "^4.17.0"
    "@nlpjs/lang-ca" "^4.17.0"
    "@nlpjs/lang-cs" "^4.17.0"
    "@nlpjs/lang-da" "^4.17.0"
    "@nlpjs/lang-de" "^4.17.0"
    "@nlpjs/lang-el" "^4.17.0"
    "@nlpjs/lang-en" "^4.17.0"
    "@nlpjs/lang-es" "^4.17.0"
    "@nlpjs/lang-eu" "^4.17.0"
    "@nlpjs/lang-fa" "^4.17.0"
    "@nlpjs/lang-fi" "^4.17.0"
    "@nlpjs/lang-fr" "^4.17.0"
    "@nlpjs/lang-ga" "^4.17.0"
    "@nlpjs/lang-gl" "^4.17.0"
    "@nlpjs/lang-hi" "^4.17.0"
    "@nlpjs/lang-hu" "^4.17.0"
    "@nlpjs/lang-hy" "^4.17.0"
    "@nlpjs/lang-id" "^4.17.0"
    "@nlpjs/lang-it" "^4.17.0"
    "@nlpjs/lang-ja" "^4.17.1"
    "@nlpjs/lang-ko" "^4.17.0"
    "@nlpjs/lang-lt" "^4.17.0"
    "@nlpjs/lang-ms" "^4.17.0"
    "@nlpjs/lang-ne" "^4.17.0"
    "@nlpjs/lang-nl" "^4.17.0"
    "@nlpjs/lang-no" "^4.17.0"
    "@nlpjs/lang-pl" "^4.17.0"
    "@nlpjs/lang-pt" "^4.17.0"
    "@nlpjs/lang-ro" "^4.17.0"
    "@nlpjs/lang-ru" "^4.17.0"
    "@nlpjs/lang-sl" "^4.17.0"
    "@nlpjs/lang-sr" "^4.17.0"
    "@nlpjs/lang-sv" "^4.17.0"
    "@nlpjs/lang-ta" "^4.17.0"
    "@nlpjs/lang-th" "^4.17.0"
    "@nlpjs/lang-tl" "^4.17.0"
    "@nlpjs/lang-tr" "^4.17.0"
    "@nlpjs/lang-uk" "^4.17.0"
    "@nlpjs/lang-zh" "^4.17.0"

"@nlpjs/lang-ar@^4.17.0":
  version "4.17.0"
  resolved "https://registry.yarnpkg.com/@nlpjs/lang-ar/-/lang-ar-4.17.0.tgz#1343a03265b99db03d5785d73cad2b2f20f16e35"
  integrity sha512-q258MyMY/iRBH1/8Ulkp6W/TZ7ur4lWwd15Yy5z7mD2L7sSmbyuuV0LUZFYJZ4y6pOHN06KZDTdw3KbuZVIkEQ==
  dependencies:
    "@nlpjs/core" "^4.17.0"

"@nlpjs/lang-bn@^4.17.0":
  version "4.17.0"
  resolved "https://registry.yarnpkg.com/@nlpjs/lang-bn/-/lang-bn-4.17.0.tgz#1b948a8231c278aaef8316d684bcce7b4a104478"
  integrity sha512-UM6w0jWFICNaTZsML4BfBoBsU0qld5/ZVrYPNXODUxzgvYPXtiHSKh1EMnED+UOHopmbe1uPhuV4snQ/HWp+sA==
  dependencies:
    "@nlpjs/core" "^4.17.0"

"@nlpjs/lang-ca@^4.17.0":
  version "4.17.0"
  resolved "https://registry.yarnpkg.com/@nlpjs/lang-ca/-/lang-ca-4.17.0.tgz#5ac583ee192f6dde2129d94176a8bd8d6ed49f05"
  integrity sha512-Srzy1sBMwRcu2/awQxu+hTXFpsRQv5bJTpBXpuiIA9jKlUjcrqdAETYlu1FN2OjNRdb7vb/elgT0EpmziJgc5Q==
  dependencies:
    "@nlpjs/core" "^4.17.0"

"@nlpjs/lang-cs@^4.17.0":
  version "4.17.0"
  resolved "https://registry.yarnpkg.com/@nlpjs/lang-cs/-/lang-cs-4.17.0.tgz#e43b9a7d042da530f794b50daad245939ff56fcb"
  integrity sha512-YLur1a0dCo3FVdeHaSudB22bp4uUYNAVomC2MVMWvdMr7EmIdxT+GeAFLnu0JxLaFOcypVpDjv7yfG8GxS+rhA==
  dependencies:
    "@nlpjs/core" "^4.17.0"

"@nlpjs/lang-da@^4.17.0":
  version "4.17.0"
  resolved "https://registry.yarnpkg.com/@nlpjs/lang-da/-/lang-da-4.17.0.tgz#ccf8b19814efc5487ad549016e89739f2df6393b"
  integrity sha512-r+d1UkBCX5CwY1a5H6arkVnJjn9mwWyec9ocBA9lWBx02IZYwvTMPl72f1TjOA1qI3kVB58Rq/yFiCh7Xhzufw==
  dependencies:
    "@nlpjs/core" "^4.17.0"

"@nlpjs/lang-de@^4.17.0":
  version "4.17.0"
  resolved "https://registry.yarnpkg.com/@nlpjs/lang-de/-/lang-de-4.17.0.tgz#43a64243422373521f3721e0b37275810b85b959"
  integrity sha512-ESeVumJEToM4c+ApyTXF2y23+T9gNByZB0PyL1M8Qt3Ub3jz7wOEqlcY/LMTyHKyZMSfTQGGhwNskP2lW/aKGw==
  dependencies:
    "@nlpjs/core" "^4.17.0"

"@nlpjs/lang-el@^4.17.0":
  version "4.17.0"
  resolved "https://registry.yarnpkg.com/@nlpjs/lang-el/-/lang-el-4.17.0.tgz#3847809163141c2b5fe0993485308bf27998dec9"
  integrity sha512-QwyzxV49NT99VMGl/SQdu7gjdayNunIl1FAyfAxNYld0OV66/GVZJj/38bRXnoPI2f44zRecplf7HIfxqY5XoQ==
  dependencies:
    "@nlpjs/core" "^4.17.0"

"@nlpjs/lang-en-min@^4.17.0":
  version "4.17.0"
  resolved "https://registry.yarnpkg.com/@nlpjs/lang-en-min/-/lang-en-min-4.17.0.tgz#0047e5dabd42f6734a03323321b10581a403e5c9"
  integrity sha512-2dfbubSgOPqIQv2lvmnKFC+uT9FdyeoljGEzll0rOaR3MbC4ApN5V88MtBuXibZ5kyfuqhR8Sjj8Eg197wk2Ag==
  dependencies:
    "@nlpjs/core" "^4.17.0"

"@nlpjs/lang-en@^4.17.0":
  version "4.17.0"
  resolved "https://registry.yarnpkg.com/@nlpjs/lang-en/-/lang-en-4.17.0.tgz#7b96b9f7b7de8d5a7f96aecc204bca43164bd0cf"
  integrity sha512-L4tSB6Dn4uUkjDkyUCHxXC2Spu2YfUryoFkpQ67MBIHdSe7OdyDLILhp05i3r9LZr+vcutJiHe0YB8QzzXNbyw==
  dependencies:
    "@nlpjs/core" "^4.17.0"
    "@nlpjs/lang-en-min" "^4.17.0"

"@nlpjs/lang-es@^4.17.0":
  version "4.17.0"
  resolved "https://registry.yarnpkg.com/@nlpjs/lang-es/-/lang-es-4.17.0.tgz#5be88d0e648c2283a95c84065ec35f61e1e58016"
  integrity sha512-1aUU7RVJ4D9Yv19laNQDf8ofP73q51HD7P+Dw+SD5cVF36DZSkMMFZQYSiidz3FqqDVDY6Boz6eD9yOs20mP1g==
  dependencies:
    "@nlpjs/core" "^4.17.0"

"@nlpjs/lang-eu@^4.17.0":
  version "4.17.0"
  resolved "https://registry.yarnpkg.com/@nlpjs/lang-eu/-/lang-eu-4.17.0.tgz#4a777debc57617272b66191de96a0d5391cb2a26"
  integrity sha512-nCaJ5E0cnAL5MeY8922SO7ooMO3KGs0F3fDZyvASbZXnIRPo1LJA50ZRcN/OnifEDkd9yEK9YMDuX5kvKufGbQ==
  dependencies:
    "@nlpjs/core" "^4.17.0"

"@nlpjs/lang-fa@^4.17.0":
  version "4.17.0"
  resolved "https://registry.yarnpkg.com/@nlpjs/lang-fa/-/lang-fa-4.17.0.tgz#259adfbb900a151d9bd4e330da6618dae77b5c57"
  integrity sha512-p8iSezBtkw3zkTS18qctjt53wfbBj9B1ZyV9TaZAvxo3RKB6/VuypcEKhZIOKTMDD4OCJJGIM1BAIpXeMgSgDw==
  dependencies:
    "@nlpjs/core" "^4.17.0"

"@nlpjs/lang-fi@^4.17.0":
  version "4.17.0"
  resolved "https://registry.yarnpkg.com/@nlpjs/lang-fi/-/lang-fi-4.17.0.tgz#b4686c1f3275ac41636bcf55c3fa9424a43dcd00"
  integrity sha512-AQfg6HQMhJ3TpGjNRYO891FqNjg4+ajXdra/UFRMAou0ML2rEIpv9RLb17hzUHXElL7LjfA5eOOQOmAflrhbFQ==
  dependencies:
    "@nlpjs/core" "^4.17.0"

"@nlpjs/lang-fr@^4.17.0":
  version "4.17.0"
  resolved "https://registry.yarnpkg.com/@nlpjs/lang-fr/-/lang-fr-4.17.0.tgz#f3bf720475ece58cd6bb6095ccfc6d7c09e22f8b"
  integrity sha512-1zW6WHyUMUvzvXuxnSTZ+o5fWYCL3RasxgDZ0coz+Tf/jpSOge/vXSzAub03Ahsi7eWRKdsY2BugGcBdxCnkjw==
  dependencies:
    "@nlpjs/core" "^4.17.0"

"@nlpjs/lang-ga@^4.17.0":
  version "4.17.0"
  resolved "https://registry.yarnpkg.com/@nlpjs/lang-ga/-/lang-ga-4.17.0.tgz#b892e6b901038aa15527952018bf073343b97c0c"
  integrity sha512-Lk0M55n6fkupNEuRvWfVh0yfzyawsRo9+LBrxFiVIq7p3ZlogHUTuMeZ8L3YYfdrDr0YWa0yDE9KAN2y092WeQ==
  dependencies:
    "@nlpjs/core" "^4.17.0"

"@nlpjs/lang-gl@^4.17.0":
  version "4.17.0"
  resolved "https://registry.yarnpkg.com/@nlpjs/lang-gl/-/lang-gl-4.17.0.tgz#89f014432e48dc37c78b89a62440e82a2d21603e"
  integrity sha512-IPE748rx14gVkmEXr/ByymSRhPBWYhpZu4nH9qDcjCGgJj99xyULxJPC9ud33pLWAF4sfPCCxjLsY9VvbHuECA==
  dependencies:
    "@nlpjs/core" "^4.17.0"

"@nlpjs/lang-hi@^4.17.0":
  version "4.17.0"
  resolved "https://registry.yarnpkg.com/@nlpjs/lang-hi/-/lang-hi-4.17.0.tgz#554631555a1702e5e4fc8bfce77b06340dd23665"
  integrity sha512-wFwI2GpjgxEpT0NTEJTLSnfbLyyuF597WoBf2YT8pH7WIYCqOpYynCd06VCTJHDX76IDbajKHWep2tGwO78k9Q==
  dependencies:
    "@nlpjs/core" "^4.17.0"

"@nlpjs/lang-hu@^4.17.0":
  version "4.17.0"
  resolved "https://registry.yarnpkg.com/@nlpjs/lang-hu/-/lang-hu-4.17.0.tgz#e3653d73c956675bdad7424537e2d27db2ef74b3"
  integrity sha512-K+r16Te7gvIX+zIX/DrStDtsCvjcFyxmQqurITKZ2thnrjISIhT8BoP7ZZZx4ioIubS0OmZRaAKIoMagZVwagw==
  dependencies:
    "@nlpjs/core" "^4.17.0"

"@nlpjs/lang-hy@^4.17.0":
  version "4.17.0"
  resolved "https://registry.yarnpkg.com/@nlpjs/lang-hy/-/lang-hy-4.17.0.tgz#13e0e9cd7de2265372c0f04d2a08a3bdc94d96f8"
  integrity sha512-A4hPKS/viDdt0aASylrlrJChakdFfS2MMxpllVVg6R+MSu5yFe4ndozh7mJxwGk0iIlb75ApGyjd64//o0p8mA==
  dependencies:
    "@nlpjs/core" "^4.17.0"

"@nlpjs/lang-id@^4.17.0":
  version "4.17.0"
  resolved "https://registry.yarnpkg.com/@nlpjs/lang-id/-/lang-id-4.17.0.tgz#d736b09135a8cd71f3b12426d95ea4605ccae4d2"
  integrity sha512-McBa8Pwu9N0F5UBERGtaIBW7IEWM+hAn7Sjh/shBKBCSyj+qI8aSkMAVvmSchHAf7+aSgJPACj4eUSFN3ImZ2Q==
  dependencies:
    "@nlpjs/core" "^4.17.0"

"@nlpjs/lang-it@^4.17.0":
  version "4.17.0"
  resolved "https://registry.yarnpkg.com/@nlpjs/lang-it/-/lang-it-4.17.0.tgz#f863587a0a78dc6aff030b5778667feb7038f0f7"
  integrity sha512-Gyf/45kVN+sx2Oy2gAGJj2/3tlKH5I9U6JakeubXMk9EkN/tKn/Mg+gH64cstg+hMy+PosgyKGsx4xQqrBmpAQ==
  dependencies:
    "@nlpjs/core" "^4.17.0"

"@nlpjs/lang-ja@^4.17.1":
  version "4.17.1"
  resolved "https://registry.yarnpkg.com/@nlpjs/lang-ja/-/lang-ja-4.17.1.tgz#f334e338cb837135b74357c2899de7688398ea67"
  integrity sha512-E/l7u6NkAv+Z/Vt3674y5RJ+pZp+JdSNBzM0C1qQL/k671UOpcdexCKTmCHBziYUuJLIEKw475HLLJ2UI9E79w==
  dependencies:
    "@nlpjs/core" "^4.17.0"
    kuromoji "^0.1.2"

"@nlpjs/lang-ko@^4.17.0":
  version "4.17.0"
  resolved "https://registry.yarnpkg.com/@nlpjs/lang-ko/-/lang-ko-4.17.0.tgz#b2b893d61019f8df6ccb77878c97fd6e29b85b2f"
  integrity sha512-AmzX4xFd8xU3UC8gLjnFSGgN2M3RKQvcZoMJf76bo5MGNO7BwRGJdn05tFjBHK0GkIPeikmQdGMwNdFsuTbVMQ==
  dependencies:
    "@nlpjs/core" "^4.17.0"

"@nlpjs/lang-lt@^4.17.0":
  version "4.17.0"
  resolved "https://registry.yarnpkg.com/@nlpjs/lang-lt/-/lang-lt-4.17.0.tgz#8b089577bc1618e625a3962a785aaec6ef29c5a2"
  integrity sha512-41XvwV5EGipKUMdSB6HLgHohB5fQap3XpVf8xqo67Uv3c0HFDmT11fT3078m3lqw/RyCz2mVsX1yRGxrRf/opw==
  dependencies:
    "@nlpjs/core" "^4.17.0"

"@nlpjs/lang-ms@^4.17.0":
  version "4.17.0"
  resolved "https://registry.yarnpkg.com/@nlpjs/lang-ms/-/lang-ms-4.17.0.tgz#526274099a9198df7701b3de51bd92a244c10353"
  integrity sha512-ulGoLpfly7DSIQ1J/BuxpGMjSeWQvdHI6J/02x4Zud5c04MTwjxBruYQWoj4uSsf5Urtf6neto58kB2AHxTnpg==
  dependencies:
    "@nlpjs/core" "^4.17.0"
    "@nlpjs/lang-id" "^4.17.0"

"@nlpjs/lang-ne@^4.17.0":
  version "4.17.0"
  resolved "https://registry.yarnpkg.com/@nlpjs/lang-ne/-/lang-ne-4.17.0.tgz#d686f6976468e221f483d3da32c436895f374bd1"
  integrity sha512-1jU2FtQc6dbZP6B3t071slV8e4OS/h6KOLfgQZLg1eQKI0bNEYUdTkMwl3oqun/xe0pNG3snRH7ooC8uLxpDPg==
  dependencies:
    "@nlpjs/core" "^4.17.0"

"@nlpjs/lang-nl@^4.17.0":
  version "4.17.0"
  resolved "https://registry.yarnpkg.com/@nlpjs/lang-nl/-/lang-nl-4.17.0.tgz#d3de0fb64d780fad4783df088a6129bac290f3ff"
  integrity sha512-UzaF9U7gcWlTe0MmCzmbCnDAre7CKtqG/70uQ5y5s7wNiDMGqkRvCjAiytKg5anFvgB5yoZ1y6S8NkGdpVdqlw==
  dependencies:
    "@nlpjs/core" "^4.17.0"

"@nlpjs/lang-no@^4.17.0":
  version "4.17.0"
  resolved "https://registry.yarnpkg.com/@nlpjs/lang-no/-/lang-no-4.17.0.tgz#a245a238680c9c5f2a446b87bfe992819c7df7e2"
  integrity sha512-mnbC0mgnJQAZ+gHtK5iroYH9ZR0QLHvRm6OCtqhi/XAuL44ikeUx4GTeNsz/cJ56pk8nuu0iurfIRzhcoaGfSA==
  dependencies:
    "@nlpjs/core" "^4.17.0"

"@nlpjs/lang-pl@^4.17.0":
  version "4.17.0"
  resolved "https://registry.yarnpkg.com/@nlpjs/lang-pl/-/lang-pl-4.17.0.tgz#31af7472511cae9ef23af402630875d4bfa6f851"
  integrity sha512-PuSSMSUY9unFbKdf56XA9I/XIeu/PeaOC3R6bKr9A4DAcTFUHTCLyvVNdx7SwBIqiyvy7KOMkEyKXUXTl1ckTQ==
  dependencies:
    "@nlpjs/core" "^4.17.0"

"@nlpjs/lang-pt@^4.17.0":
  version "4.17.0"
  resolved "https://registry.yarnpkg.com/@nlpjs/lang-pt/-/lang-pt-4.17.0.tgz#37f2287ed88d28e0eddb977246d45256fd599094"
  integrity sha512-o22KHo1FGNHApXkyOFzIyK+PTdkD2UyyXAjCbpBLnG+kwzHtpWifYxltri9ZS1TpAGC+0zcMzxzMvvtn3dUsRw==
  dependencies:
    "@nlpjs/core" "^4.17.0"

"@nlpjs/lang-ro@^4.17.0":
  version "4.17.0"
  resolved "https://registry.yarnpkg.com/@nlpjs/lang-ro/-/lang-ro-4.17.0.tgz#6090696403202e719f9ae17fdeff42e8205465d3"
  integrity sha512-pkDmb8LJrPcerpHnqZFgLUrWvMOfO4Zpx8RXifT+rM5+3NYiEa9Oj+q7TjZuqAZmm/6aosLH1DnMt+++ABD+4g==
  dependencies:
    "@nlpjs/core" "^4.17.0"

"@nlpjs/lang-ru@^4.17.0":
  version "4.17.0"
  resolved "https://registry.yarnpkg.com/@nlpjs/lang-ru/-/lang-ru-4.17.0.tgz#7d3f6d333a66a70e1af4743c797044c826b7ba1c"
  integrity sha512-TILCzjsTC8VsSQ+BbbEfvDMx//7NilYyjg6izsY5/E0okvUOQUxxED1QEFHmpafDzPIZ31pWsWxzrYidtCawEQ==
  dependencies:
    "@nlpjs/core" "^4.17.0"

"@nlpjs/lang-sl@^4.17.0":
  version "4.17.0"
  resolved "https://registry.yarnpkg.com/@nlpjs/lang-sl/-/lang-sl-4.17.0.tgz#5a4c4a9b004f2de6dbf473afb77d935a95e3aad0"
  integrity sha512-r0NaQQ+BVAWkwBIYpqV7/A6iq16XtiN12SkIkMjsWcGwRu/df2l4L6gOj9S0EnIoCcrnTZpPTjIqQm6V5pR9BQ==
  dependencies:
    "@nlpjs/core" "^4.17.0"

"@nlpjs/lang-sr@^4.17.0":
  version "4.17.0"
  resolved "https://registry.yarnpkg.com/@nlpjs/lang-sr/-/lang-sr-4.17.0.tgz#de25b9b5853f2f3724051ff3e2c5c1d9cfc5ee4e"
  integrity sha512-T1/PNFbOLnfigqtWjTucsW53RvVX5gzRKp36c4VIlBqWtYbJLrwewIGSRN6G8uwDdG8YGiyeMQu6M7eNI4sO2A==
  dependencies:
    "@nlpjs/core" "^4.17.0"

"@nlpjs/lang-sv@^4.17.0":
  version "4.17.0"
  resolved "https://registry.yarnpkg.com/@nlpjs/lang-sv/-/lang-sv-4.17.0.tgz#1e5de4b95bb81ab27d5d6330a991deda48dd4dfb"
  integrity sha512-QFbYC3hKN9ER05ghfBlT467irm4+wUnfiPi6KEG6Y3bpWvapwrNibYUelcWCsNj6XV8QyeNFrUOmpkTDE8qoFQ==
  dependencies:
    "@nlpjs/core" "^4.17.0"

"@nlpjs/lang-ta@^4.17.0":
  version "4.17.0"
  resolved "https://registry.yarnpkg.com/@nlpjs/lang-ta/-/lang-ta-4.17.0.tgz#ab38158ed294840cf5c03f88295987e9ef65b32e"
  integrity sha512-tdq+BhXRWXXOpoFcJPeDxNnwmnNOEMnZtRDQukeIPDMurMuwBREsbptP6Zgj5bI4zEFexUu/9rI/87Uwe4W8UQ==
  dependencies:
    "@nlpjs/core" "^4.17.0"

"@nlpjs/lang-th@^4.17.0":
  version "4.17.0"
  resolved "https://registry.yarnpkg.com/@nlpjs/lang-th/-/lang-th-4.17.0.tgz#660186996917d2b48559a7816e4357ffe6ea762a"
  integrity sha512-cwON6FQY8WRWNMyg1nQ+E7R94wU57EpblOrieYHsLiD1N0zbQxm/14+xREK+0ufaGhXCznaS+ysZ1WsEooMdMg==
  dependencies:
    "@nlpjs/core" "^4.17.0"

"@nlpjs/lang-tl@^4.17.0":
  version "4.17.0"
  resolved "https://registry.yarnpkg.com/@nlpjs/lang-tl/-/lang-tl-4.17.0.tgz#674904dc4052dae5510669142e630b5c6085f061"
  integrity sha512-jIj3jviP+5wmoGRgoYQjsDgOlASJMMgBdRWJa58h4j2ygpuN2jwuLr4WrLOAK7hmhoCxZ7E6h1vrECCyo7TfGA==
  dependencies:
    "@nlpjs/core" "^4.17.0"

"@nlpjs/lang-tr@^4.17.0":
  version "4.17.0"
  resolved "https://registry.yarnpkg.com/@nlpjs/lang-tr/-/lang-tr-4.17.0.tgz#ea71f73171a38a610102d02b30376a464fb87de6"
  integrity sha512-JCetZw7L6QKiD4WBltBBJtBtSu0FshLCqrtQwR6sVgMvAcZNOAtobiwGjQYgkGVKdB6o+aaeCG+GJCFi/CdokQ==
  dependencies:
    "@nlpjs/core" "^4.17.0"

"@nlpjs/lang-uk@^4.17.0":
  version "4.17.0"
  resolved "https://registry.yarnpkg.com/@nlpjs/lang-uk/-/lang-uk-4.17.0.tgz#0faa332575cc7fdf511fbf44fba72bf4ce35e248"
  integrity sha512-EZHiHS3gn6QTdGjD8Eu18FUeRfSae6BEUlIFfPMENCqEXELhggwTipCDp3x0DvLlXcx9beqZ1LuuT0hYmJ3NTw==
  dependencies:
    "@nlpjs/core" "^4.17.0"

"@nlpjs/lang-zh@^4.17.0":
  version "4.17.0"
  resolved "https://registry.yarnpkg.com/@nlpjs/lang-zh/-/lang-zh-4.17.0.tgz#61aa10a33c006f7cafcc1e9b983db226e2f7c897"
  integrity sha512-2rjAJEg8vmDOWgagcsTKz8OSSofdW1BAmM/hAWTFfeTIpZal3iaMoovyCi3vIRib8lHi7KCRVJaTpFb0bpP+6A==
  dependencies:
    "@nlpjs/core" "^4.17.0"

"@nlpjs/language-min@^4.17.0":
  version "4.17.0"
  resolved "https://registry.yarnpkg.com/@nlpjs/language-min/-/language-min-4.17.0.tgz#c53f76c5798baf4742b2b3aaa08450a6f6105192"
  integrity sha512-MBmG28YyPY24q5mKlzufmZNNwiynmcjWT0r4mSI6hEKjiAhGLLakgAEtJNmOC1827G5bNqspR1PUGBaCxr/XeQ==

"@nlpjs/language@^4.17.0":
  version "4.17.0"
  resolved "https://registry.yarnpkg.com/@nlpjs/language/-/language-4.17.0.tgz#e28b1d769e5342596b60bc6bc3dc622fc80f5b27"
  integrity sha512-oYIztvs2c0NX9edQC0X3GMh/00L0iREU2j3cTagDm+CtWxV7+UsfrxxJHMVm4g+Dr6vDMVgQvfksGDRPAIgTsQ==

"@nlpjs/ner@^4.17.0":
  version "4.17.0"
  resolved "https://registry.yarnpkg.com/@nlpjs/ner/-/ner-4.17.0.tgz#5f9f4b542d27a02d2033971bc8c09c1ca5589735"
  integrity sha512-xDluJThS2JDZcwFT4w/HXv05tmx+jOnF1tFAILqrS94TwElG+SPAXixCk5dbSqi35rwWZVv19Afhp05UL4oenA==
  dependencies:
    "@nlpjs/core" "^4.17.0"
    "@nlpjs/language-min" "^4.17.0"
    "@nlpjs/similarity" "^4.17.0"

"@nlpjs/neural@^4.17.0":
  version "4.17.0"
  resolved "https://registry.yarnpkg.com/@nlpjs/neural/-/neural-4.17.0.tgz#7b5c2ab9f26531d61ce339d8706f801474ccbadb"
  integrity sha512-3LUfHPRs27Z4W22O2AIq3e4y8NUDtKUVoMKT4N/4T/Hoy+PrL0aJRkorcu90w5CvkJwKMpLv8Dx0+dgQBsFH5g==

"@nlpjs/nlg@^4.17.1":
  version "4.17.1"
  resolved "https://registry.yarnpkg.com/@nlpjs/nlg/-/nlg-4.17.1.tgz#4c04f1790c39bd270d3db59da539b58251a3d9c2"
  integrity sha512-AArCPX7YrT9tnV0G0Im4aZSpTrdx3BjJ0699eipLTUoMNeCVk57T/Jg1yg+sQygMpX6Ke2gq7HdSpVWND5Y1lg==
  dependencies:
    "@nlpjs/core" "^4.17.0"

"@nlpjs/nlp@^4.17.2":
  version "4.17.2"
  resolved "https://registry.yarnpkg.com/@nlpjs/nlp/-/nlp-4.17.2.tgz#0fff39527053ee1bdecefec22a6633d3f0e44549"
  integrity sha512-f91PFWjS35MzoCqtYFRnJt+UKbb6QSBblop6BYAy5ZtrTHctyTAM8T1gGXrVcFXswYvm2PsJF2F9B1hRVZA+2A==
  dependencies:
    "@nlpjs/core" "^4.17.0"
    "@nlpjs/ner" "^4.17.0"
    "@nlpjs/nlg" "^4.17.1"
    "@nlpjs/nlu" "^4.17.0"
    "@nlpjs/sentiment" "^4.17.0"
    "@nlpjs/slot" "^4.17.0"

"@nlpjs/nlu@^4.17.0":
  version "4.17.0"
  resolved "https://registry.yarnpkg.com/@nlpjs/nlu/-/nlu-4.17.0.tgz#1c93a78653326346955784e26c5188aa241916b7"
  integrity sha512-N1nkaiL2rdlogh315SBrDl0V+EK8zIlLA5oPvfSTMifLmvkXsYYQHNch3NU1Vt7KgmAVk7bt4DmYuGG0cQOx0w==
  dependencies:
    "@nlpjs/core" "^4.17.0"
    "@nlpjs/language-min" "^4.17.0"
    "@nlpjs/neural" "^4.17.0"
    "@nlpjs/similarity" "^4.17.0"

"@nlpjs/request@^4.17.0":
  version "4.17.0"
  resolved "https://registry.yarnpkg.com/@nlpjs/request/-/request-4.17.0.tgz#56c699740bf67832eb71cc831b934d830a856c5b"
  integrity sha512-9LIdTcY5pAA+hPlX0qekeA699ux8JzcMe9Odjd2t2NEH0cVZSvrtNi+KHn/Eclk732H1erP7ciVncnT+hv9lAw==
  dependencies:
    http-proxy-agent "^4.0.1"
    https-proxy-agent "^5.0.0"

"@nlpjs/sentiment@^4.17.0":
  version "4.17.0"
  resolved "https://registry.yarnpkg.com/@nlpjs/sentiment/-/sentiment-4.17.0.tgz#363d92158516db6bf047fbd4b9a0499fb1fbff51"
  integrity sha512-LNEXUftzWYWVkOsf2RpZOOPDV6+qkQR1apurm33K2Pjk6CL57muNbqh+MxHoBd1kXMKDKNLjUkyCG+MdsLsrgw==
  dependencies:
    "@nlpjs/core" "^4.17.0"
    "@nlpjs/language-min" "^4.17.0"
    "@nlpjs/neural" "^4.17.0"

"@nlpjs/similarity@^4.17.0":
  version "4.17.0"
  resolved "https://registry.yarnpkg.com/@nlpjs/similarity/-/similarity-4.17.0.tgz#d54ce2ae54a6954be7c7af96aade4517f5a21bd7"
  integrity sha512-LCLlT2FuWtNtSpGtiwqv6n9n0i125jxcRHeyyVouMPlEGfsEgnRIe0AQH8N65PUNOChK1DG2NHjPPDMSUByfNg==

"@nlpjs/slot@^4.17.0":
  version "4.17.0"
  resolved "https://registry.yarnpkg.com/@nlpjs/slot/-/slot-4.17.0.tgz#ed33cc657e9757196de07157ff543553deb96132"
  integrity sha512-GS++r4O4ZP+v33v1lNNPyN3O0Ko/g//q8R8KdtZbTOBGE2mbE+qFkDF5p4hxAZzk6bQEwByeHckz+XFcqr/XDQ==

"@nlpjs/xtables@^4.17.0":
  version "4.17.0"
  resolved "https://registry.yarnpkg.com/@nlpjs/xtables/-/xtables-4.17.0.tgz#1814def9724282bafd7080f5852f215ff176f911"
  integrity sha512-AA7OZlxQ8Dgis4kVii5YZ13BrWdvIwiDxmKuPTIgkdOjZ4m5MmJdA72DpOSKV/oG/TtH4mPkOz9/yva/0fiA0Q==
  dependencies:
    xlsx "^0.16.2"

"@tootallnate/once@1":
  version "1.1.2"
  resolved "https://registry.yarnpkg.com/@tootallnate/once/-/once-1.1.2.tgz#ccb91445360179a04e7fe6aff78c00ffc1eeaf82"
  integrity sha512-RbzJvlNzmRq5c3O09UipeuXno4tA1FE6ikOjxZK0tuxVv3412l64l5t1W5pj4+rJq9vpkm/kwiR07aZXnsKPxw==

adler-32@~1.2.0:
  version "1.2.0"
  resolved "https://registry.yarnpkg.com/adler-32/-/adler-32-1.2.0.tgz#6a3e6bf0a63900ba15652808cb15c6813d1a5f25"
  integrity sha1-aj5r8KY5ALoVZSgIyxXGgT0aXyU=
  dependencies:
    exit-on-epipe "~1.0.1"
    printj "~1.1.0"

agent-base@6:
  version "6.0.2"
  resolved "https://registry.yarnpkg.com/agent-base/-/agent-base-6.0.2.tgz#49fff58577cfee3f37176feab4c22e00f86d7f77"
  integrity sha512-RZNwNclF7+MS/8bDg70amg32dyeZGZxiDuQmZxKLAlQjr3jGyLx+4Kkk58UO7D2QdgFIQCovuSuZESne6RG6XQ==
  dependencies:
    debug "4"

async@^2.0.1:
  version "2.6.3"
  resolved "https://registry.yarnpkg.com/async/-/async-2.6.3.tgz#d72625e2344a3656e3a3ad4fa749fa83299d82ff"
  integrity sha512-zflvls11DCy+dQWzTW2dzuilv8Z5X/pjfmZOWba6TNIVDm+2UDaJmXSOXlasHKfNBs8oo3M0aT50fDEWfKZjXg==
  dependencies:
    lodash "^4.17.14"

bignumber.js@^7.2.1:
  version "7.2.1"
  resolved "https://registry.yarnpkg.com/bignumber.js/-/bignumber.js-7.2.1.tgz#80c048759d826800807c4bfd521e50edbba57a5f"
  integrity sha512-S4XzBk5sMB+Rcb/LNcpzXr57VRTxgAvaAEDAl1AwRx27j00hT84O6OkteE7u8UB3NuaaygCRrEpqox4uDOrbdQ==

cfb@^1.1.4:
  version "1.2.0"
  resolved "https://registry.yarnpkg.com/cfb/-/cfb-1.2.0.tgz#6a4d0872b525ed60349e1ef51fb4b0bf73eca9a8"
  integrity sha512-sXMvHsKCICVR3Naq+J556K+ExBo9n50iKl6LGarlnvuA2035uMlGA/qVrc0wQtow5P1vJEw9UyrKLCbtIKz+TQ==
  dependencies:
    adler-32 "~1.2.0"
    crc-32 "~1.2.0"
    printj "~1.1.2"

codepage@~1.14.0:
  version "1.14.0"
  resolved "https://registry.yarnpkg.com/codepage/-/codepage-1.14.0.tgz#8cbe25481323559d7d307571b0fff91e7a1d2f99"
  integrity sha1-jL4lSBMjVZ19MHVxsP/5HnodL5k=
  dependencies:
    commander "~2.14.1"
    exit-on-epipe "~1.0.1"

commander@~2.14.1:
  version "2.14.1"
  resolved "https://registry.yarnpkg.com/commander/-/commander-2.14.1.tgz#2235123e37af8ca3c65df45b026dbd357b01b9aa"
  integrity sha512-+YR16o3rK53SmWHU3rEM3tPAh2rwb1yPcQX5irVn7mb0gXbwuCCrnkbV5+PBfETdfg1vui07nM6PCG1zndcjQw==

commander@~2.17.1:
  version "2.17.1"
  resolved "https://registry.yarnpkg.com/commander/-/commander-2.17.1.tgz#bd77ab7de6de94205ceacc72f1716d29f20a77bf"
  integrity sha512-wPMUt6FnH2yzG95SA6mzjQOEKUU3aLaDEmzs1ti+1E9h+CsrZghRlqEM/EJ4KscsQVG8uNN4uVreUeT8+drlgg==

crc-32@~1.2.0:
  version "1.2.0"
  resolved "https://registry.yarnpkg.com/crc-32/-/crc-32-1.2.0.tgz#cb2db6e29b88508e32d9dd0ec1693e7b41a18208"
  integrity sha512-1uBwHxF+Y/4yF5G48fwnKq6QsIXheor3ZLPT80yGBV1oEUwpPojlEhQbWKVw1VwcTQyMGHK1/XMmTjmlsmTTGA==
  dependencies:
    exit-on-epipe "~1.0.1"
    printj "~1.1.0"

debug@4:
  version "4.3.1"
  resolved "https://registry.yarnpkg.com/debug/-/debug-4.3.1.tgz#f0d229c505e0c6d8c49ac553d1b13dc183f6b2ee"
  integrity sha512-doEwdvm4PCeK4K3RQN2ZC2BYUBaxwLARCqZmMjtF8a51J2Rb0xpVloFRnCODwqjpwnAoao4pelN8l3RJdv3gRQ==
  dependencies:
    ms "2.1.2"

deep-is@~0.1.3:
  version "0.1.3"
  resolved "https://registry.yarnpkg.com/deep-is/-/deep-is-0.1.3.tgz#b369d6fb5dbc13eecf524f91b070feedc357cf34"
  integrity sha1-s2nW+128E+7PUk+RsHD+7cNXzzQ=

doublearray@0.0.2:
  version "0.0.2"
  resolved "https://registry.yarnpkg.com/doublearray/-/doublearray-0.0.2.tgz#63186fe8d34413276d3621f6aa0ec5f79e227ef9"
  integrity sha1-Yxhv6NNEEydtNiH2qg7F954ifvk=

escodegen@^2.0.0:
  version "2.0.0"
  resolved "https://registry.yarnpkg.com/escodegen/-/escodegen-2.0.0.tgz#5e32b12833e8aa8fa35e1bf0befa89380484c7dd"
  integrity sha512-mmHKys/C8BFUGI+MAWNcSYoORYLMdPzjrknd2Vc+bUsjN5bXcr8EhrNB+UTqfL1y3I9c4fw2ihgtMPQLBRiQxw==
  dependencies:
    esprima "^4.0.1"
    estraverse "^5.2.0"
    esutils "^2.0.2"
    optionator "^0.8.1"
  optionalDependencies:
    source-map "~0.6.1"

esprima@^4.0.1:
  version "4.0.1"
  resolved "https://registry.yarnpkg.com/esprima/-/esprima-4.0.1.tgz#13b04cdb3e6c5d19df91ab6987a8695619b0aa71"
  integrity sha512-eGuFFw7Upda+g4p+QHvnW0RyTX/SVeJBDM/gCtMARO0cLuT2HcEKnTPvhjV6aGeqrCB/sbNop0Kszm0jsaWU4A==

estraverse@^5.2.0:
  version "5.2.0"
  resolved "https://registry.yarnpkg.com/estraverse/-/estraverse-5.2.0.tgz#307df42547e6cc7324d3cf03c155d5cdb8c53880"
  integrity sha512-BxbNGGNm0RyRYvUdHpIwv9IWzeM9XClbOxwoATuFdOE7ZE6wHL+HQ5T8hoPM+zHvmKzzsEqhgy0GrQ5X13afiQ==

esutils@^2.0.2:
  version "2.0.3"
  resolved "https://registry.yarnpkg.com/esutils/-/esutils-2.0.3.tgz#74d2eb4de0b8da1293711910d50775b9b710ef64"
  integrity sha512-kVscqXk4OCp68SZ0dkgEKVi6/8ij300KBWTJq32P/dYeWTSwK41WyTxalN1eRmA5Z9UU/LX9D7FWSmV9SAYx6g==

exit-on-epipe@~1.0.1:
  version "1.0.1"
  resolved "https://registry.yarnpkg.com/exit-on-epipe/-/exit-on-epipe-1.0.1.tgz#0bdd92e87d5285d267daa8171d0eb06159689692"
  integrity sha512-h2z5mrROTxce56S+pnvAV890uu7ls7f1kEvVGJbw1OlFH3/mlJ5bkXu0KRyW94v37zzHPiUd55iLn3DA7TjWpw==

fast-levenshtein@~2.0.6:
  version "2.0.6"
  resolved "https://registry.yarnpkg.com/fast-levenshtein/-/fast-levenshtein-2.0.6.tgz#3d8a5c66883a16a30ca8643e851f19baa7797917"
  integrity sha1-PYpcZog6FqMMqGQ+hR8Zuqd5eRc=

fflate@^0.3.8:
  version "0.3.11"
  resolved "https://registry.yarnpkg.com/fflate/-/fflate-0.3.11.tgz#2c440d7180fdeb819e64898d8858af327b042a5d"
  integrity sha512-Rr5QlUeGN1mbOHlaqcSYMKVpPbgLy0AWT/W0EHxA6NGI12yO1jpoui2zBBvU2G824ltM6Ut8BFgfHSBGfkmS0A==

frac@~1.1.2:
  version "1.1.2"
  resolved "https://registry.yarnpkg.com/frac/-/frac-1.1.2.tgz#3d74f7f6478c88a1b5020306d747dc6313c74d0b"
  integrity sha512-w/XBfkibaTl3YDqASwfDUqkna4Z2p9cFSr1aHDt0WoMTECnRfBOv2WArlZILlqgWlmdIlALXGpM2AOhEk5W3IA==

grapheme-splitter@^1.0.2:
  version "1.0.4"
  resolved "https://registry.yarnpkg.com/grapheme-splitter/-/grapheme-splitter-1.0.4.tgz#9cf3a665c6247479896834af35cf1dbb4400767e"
  integrity sha512-bzh50DW9kTPM00T8y4o8vQg89Di9oLJVLW/KaOGIXJWP/iqCN6WKYkbNOF04vFLJhwcpYUh9ydh/+5vpOqV4YQ==

http-proxy-agent@^4.0.1:
  version "4.0.1"
  resolved "https://registry.yarnpkg.com/http-proxy-agent/-/http-proxy-agent-4.0.1.tgz#8a8c8ef7f5932ccf953c296ca8291b95aa74aa3a"
  integrity sha512-k0zdNgqWTGA6aeIRVpvfVob4fL52dTfaehylg0Y4UvSySvOq/Y+BOyPrgpUrA7HylqvU8vIZGsRuXmspskV0Tg==
  dependencies:
    "@tootallnate/once" "1"
    agent-base "6"
    debug "4"

https-proxy-agent@^5.0.0:
  version "5.0.0"
  resolved "https://registry.yarnpkg.com/https-proxy-agent/-/https-proxy-agent-5.0.0.tgz#e2a90542abb68a762e0a0850f6c9edadfd8506b2"
  integrity sha512-EkYm5BcKUGiduxzSt3Eppko+PiNWNEpa4ySk9vTC6wDsQJW9rHSa+UhGNJoRYp7bz6Ht1eaRIa6QaJqO5rCFbA==
  dependencies:
    agent-base "6"
    debug "4"

kuromoji@^0.1.2:
  version "0.1.2"
  resolved "https://registry.yarnpkg.com/kuromoji/-/kuromoji-0.1.2.tgz#293f0d6706df006112137980588d5daac26d0790"
  integrity sha512-V0dUf+C2LpcPEXhoHLMAop/bOht16Dyr+mDiIE39yX3vqau7p80De/koFqpiTcL1zzdZlc3xuHZ8u5gjYRfFaQ==
  dependencies:
    async "^2.0.1"
    doublearray "0.0.2"
    zlibjs "^0.3.1"

levn@~0.3.0:
  version "0.3.0"
  resolved "https://registry.yarnpkg.com/levn/-/levn-0.3.0.tgz#3b09924edf9f083c0490fdd4c0bc4421e04764ee"
  integrity sha1-OwmSTt+fCDwEkP3UwLxEIeBHZO4=
  dependencies:
    prelude-ls "~1.1.2"
    type-check "~0.3.2"

lodash.escaperegexp@^4.1.2:
  version "4.1.2"
  resolved "https://registry.yarnpkg.com/lodash.escaperegexp/-/lodash.escaperegexp-4.1.2.tgz#64762c48618082518ac3df4ccf5d5886dae20347"
  integrity sha1-ZHYsSGGAglGKw99Mz11YhtriA0c=

lodash.isequal@^4.5.0:
  version "4.5.0"
  resolved "https://registry.yarnpkg.com/lodash.isequal/-/lodash.isequal-4.5.0.tgz#415c4478f2bcc30120c22ce10ed3226f7d3e18e0"
  integrity sha1-QVxEePK8wwEgwizhDtMib30+GOA=

lodash.last@^3.0.0:
  version "3.0.0"
  resolved "https://registry.yarnpkg.com/lodash.last/-/lodash.last-3.0.0.tgz#242f663112dd4c6e63728c60a3c909d1bdadbd4c"
  integrity sha1-JC9mMRLdTG5jcoxgo8kJ0b2tvUw=

lodash.max@^4.0.1:
  version "4.0.1"
  resolved "https://registry.yarnpkg.com/lodash.max/-/lodash.max-4.0.1.tgz#8735566c618b35a9f760520b487ae79658af136a"
  integrity sha1-hzVWbGGLNan3YFILSHrnllivE2o=

lodash.sortby@^4.7.0:
  version "4.7.0"
  resolved "https://registry.yarnpkg.com/lodash.sortby/-/lodash.sortby-4.7.0.tgz#edd14c824e2cc9c1e0b0a1b42bb5210516a42438"
  integrity sha1-7dFMgk4sycHgsKG0K7UhBRakJDg=

lodash.tonumber@^4.0.3:
  version "4.0.3"
  resolved "https://registry.yarnpkg.com/lodash.tonumber/-/lodash.tonumber-4.0.3.tgz#0b96b31b35672793eb7f5a63ee791f1b9e9025d9"
  integrity sha1-C5azGzVnJ5Prf1pj7nkfG56QJdk=

lodash.trimend@^4.5.1:
  version "4.5.1"
  resolved "https://registry.yarnpkg.com/lodash.trimend/-/lodash.trimend-4.5.1.tgz#12804437286b98cad8996b79414e11300114082f"
  integrity sha1-EoBENyhrmMrYmWt5QU4RMAEUCC8=

lodash@^4.17.14:
  version "4.17.20"
  resolved "https://registry.yarnpkg.com/lodash/-/lodash-4.17.20.tgz#b44a9b6297bcb698f1c51a3545a2b3b368d59c52"
  integrity sha512-PlhdFcillOINfeV7Ni6oF1TAEayyZBoZ8bcshTHqOYJYlrqzRK5hagpagky5o4HfCzzd1TRkXPMFq6cKk9rGmA==

ms@2.1.2:
  version "2.1.2"
  resolved "https://registry.yarnpkg.com/ms/-/ms-2.1.2.tgz#d09d1f357b443f493382a8eb3ccd183872ae6009"
  integrity sha512-sGkPx+VjMtmA6MX27oA4FBFELFCZZ4S4XqeGOXCv68tT+jb3vk/RyaKWP0PTKyWtmLSM0b+adUTEvbs1PEaH2w==

node-nlp@^4.17.2:
  version "4.17.2"
  resolved "https://registry.yarnpkg.com/node-nlp/-/node-nlp-4.17.2.tgz#14b23918ad25e0099487c38a27a96e67fa11079b"
  integrity sha512-6sGy4yZZd0T710JItqO3UzobVGdrPFejcbq+IsLRA6x3acRjbu8i0kbxlvl9+Zet90eTmm+ULkSj9DO2j2JAog==
  dependencies:
    "@nlpjs/builtin-duckling" "^4.17.1"
    "@nlpjs/builtin-microsoft" "^4.17.0"
    "@nlpjs/core-loader" "^4.17.0"
    "@nlpjs/emoji" "^4.17.0"
    "@nlpjs/evaluator" "^4.17.1"
    "@nlpjs/lang-all" "^4.17.1"
    "@nlpjs/language" "^4.17.0"
    "@nlpjs/neural" "^4.17.0"
    "@nlpjs/nlg" "^4.17.1"
    "@nlpjs/nlp" "^4.17.2"
    "@nlpjs/nlu" "^4.17.0"
    "@nlpjs/request" "^4.17.0"
    "@nlpjs/sentiment" "^4.17.0"
    "@nlpjs/similarity" "^4.17.0"
    "@nlpjs/xtables" "^4.17.0"

optionator@^0.8.1:
  version "0.8.3"
  resolved "https://registry.yarnpkg.com/optionator/-/optionator-0.8.3.tgz#84fa1d036fe9d3c7e21d99884b601167ec8fb495"
  integrity sha512-+IW9pACdk3XWmmTXG8m3upGUJst5XRGzxMRjXzAuJ1XnIFNvfhjjIuYkDvysnPQ7qzqVzLt78BCruntqRhWQbA==
  dependencies:
    deep-is "~0.1.3"
    fast-levenshtein "~2.0.6"
    levn "~0.3.0"
    prelude-ls "~1.1.2"
    type-check "~0.3.2"
    word-wrap "~1.2.3"

prelude-ls@~1.1.2:
  version "1.1.2"
  resolved "https://registry.yarnpkg.com/prelude-ls/-/prelude-ls-1.1.2.tgz#21932a549f5e52ffd9a827f570e04be62a97da54"
  integrity sha1-IZMqVJ9eUv/ZqCf1cOBL5iqX2lQ=

printj@~1.1.0, printj@~1.1.2:
  version "1.1.2"
  resolved "https://registry.yarnpkg.com/printj/-/printj-1.1.2.tgz#d90deb2975a8b9f600fb3a1c94e3f4c53c78a222"
  integrity sha512-zA2SmoLaxZyArQTOPj5LXecR+RagfPSU5Kw1qP+jkWeNlrq+eJZyY2oS68SU1Z/7/myXM4lo9716laOFAVStCQ==

source-map@~0.6.1:
  version "0.6.1"
  resolved "https://registry.yarnpkg.com/source-map/-/source-map-0.6.1.tgz#74722af32e9614e9c287a8d0bbde48b5e2f1a263"
  integrity sha512-UjgapumWlbMhkBgzT7Ykc5YXUT46F0iKu8SGXq0bcwP5dz/h0Plj6enJqjz1Zbq2l5WaqYnrVbwWOWMyF3F47g==

ssf@~0.11.2:
  version "0.11.2"
  resolved "https://registry.yarnpkg.com/ssf/-/ssf-0.11.2.tgz#0b99698b237548d088fc43cdf2b70c1a7512c06c"
  integrity sha512-+idbmIXoYET47hH+d7dfm2epdOMUDjqcB4648sTZ+t2JwoyBFL/insLfB/racrDmsKB3diwsDA696pZMieAC5g==
  dependencies:
    frac "~1.1.2"

type-check@~0.3.2:
  version "0.3.2"
  resolved "https://registry.yarnpkg.com/type-check/-/type-check-0.3.2.tgz#5884cab512cf1d355e3fb784f30804b2b520db72"
  integrity sha1-WITKtRLPHTVeP7eE8wgEsrUg23I=
  dependencies:
    prelude-ls "~1.1.2"

wmf@~1.0.1:
  version "1.0.2"
  resolved "https://registry.yarnpkg.com/wmf/-/wmf-1.0.2.tgz#7d19d621071a08c2bdc6b7e688a9c435298cc2da"
  integrity sha512-/p9K7bEh0Dj6WbXg4JG0xvLQmIadrner1bi45VMJTfnbVHsc7yIajZyoSoK60/dtVBs12Fm6WkUI5/3WAVsNMw==

word-wrap@~1.2.3:
  version "1.2.3"
  resolved "https://registry.yarnpkg.com/word-wrap/-/word-wrap-1.2.3.tgz#610636f6b1f703891bd34771ccb17fb93b47079c"
  integrity sha512-Hz/mrNwitNRh/HUAtM/VT/5VH+ygD6DV7mYKZAtHOrbs8U7lvPS6xf7EJKMF0uW1KJCl0H701g3ZGus+muE5vQ==

word@~0.3.0:
  version "0.3.0"
  resolved "https://registry.yarnpkg.com/word/-/word-0.3.0.tgz#8542157e4f8e849f4a363a288992d47612db9961"
  integrity sha512-OELeY0Q61OXpdUfTp+oweA/vtLVg5VDOXh+3he3PNzLGG/y0oylSOC1xRVj0+l4vQ3tj/bB1HVHv1ocXkQceFA==

xlsx@^0.16.2:
  version "0.16.9"
  resolved "https://registry.yarnpkg.com/xlsx/-/xlsx-0.16.9.tgz#dacd5bb46bda6dd3743940c9c3dc1e2171826256"
  integrity sha512-gxi1I3EasYvgCX1vN9pGyq920Ron4NO8PNfhuoA3Hpq6Y8f0ECXiy4OLrK4QZBnj1jx3QD+8Fq5YZ/3mPZ5iXw==
  dependencies:
    adler-32 "~1.2.0"
    cfb "^1.1.4"
    codepage "~1.14.0"
    commander "~2.17.1"
    crc-32 "~1.2.0"
    exit-on-epipe "~1.0.1"
    fflate "^0.3.8"
    ssf "~0.11.2"
    wmf "~1.0.1"
    word "~0.3.0"

zlibjs@^0.3.1:
  version "0.3.1"
  resolved "https://registry.yarnpkg.com/zlibjs/-/zlibjs-0.3.1.tgz#50197edb28a1c42ca659cc8b4e6a9ddd6d444554"
  integrity sha1-UBl+2yihxCymWcyLTmqd3W1ERVQ=
